
Microsoft Visual Studio Solution File, Format Version 12.00
# Visual Studio Version 17
VisualStudioVersion = 17.0.31903.59
MinimumVisualStudioVersion = 10.0.40219.1
Project("{FAE04EC0-301F-11D3-BF4B-00C04F79EFBC}") = "Core", "Core\Core.csproj", "{45212D78-AACB-4D69-BD8F-5EA5ECE8E0C3}"
EndProject
Project("{FAE04EC0-301F-11D3-BF4B-00C04F79EFBC}") = "Persistence", "Persistence\Persistence.csproj", "{904E727C-3C5B-45AE-8966-E03235D32DB9}"
EndProject
Project("{FAE04EC0-301F-11D3-BF4B-00C04F79EFBC}") = "Api", "Api\Api.csproj", "{F57601C8-5104-4E95-B225-03C37CA98C0E}"
EndProject
Project("{FAE04EC0-301F-11D3-BF4B-00C04F79EFBC}") = "WebApp", "WebApp\WebApp.csproj", "{5F95F067-EE30-4139-AC69-6CE7899E79F4}"
EndProject
Global
	GlobalSection(SolutionConfigurationPlatforms) = preSolution
		Debug|Any CPU = Debug|Any CPU
		Release|Any CPU = Release|Any CPU
	EndGlobalSection
	GlobalSection(SolutionProperties) = preSolution
		HideSolutionNode = FALSE
	EndGlobalSection
	GlobalSection(ProjectConfigurationPlatforms) = postSolution
		{45212D78-AACB-4D69-BD8F-5EA5ECE8E0C3}.Debug|Any CPU.ActiveCfg = Debug|Any CPU
		{45212D78-AACB-4D69-BD8F-5EA5ECE8E0C3}.Debug|Any CPU.Build.0 = Debug|Any CPU
		{45212D78-AACB-4D69-BD8F-5EA5ECE8E0C3}.Release|Any CPU.ActiveCfg = Release|Any CPU
		{45212D78-AACB-4D69-BD8F-5EA5ECE8E0C3}.Release|Any CPU.Build.0 = Release|Any CPU
		{904E727C-3C5B-45AE-8966-E03235D32DB9}.Debug|Any CPU.ActiveCfg = Debug|Any CPU
		{904E727C-3C5B-45AE-8966-E03235D32DB9}.Debug|Any CPU.Build.0 = Debug|Any CPU
		{904E727C-3C5B-45AE-8966-E03235D32DB9}.Release|Any CPU.ActiveCfg = Release|Any CPU
		{904E727C-3C5B-45AE-8966-E03235D32DB9}.Release|Any CPU.Build.0 = Release|Any CPU
		{F57601C8-5104-4E95-B225-03C37CA98C0E}.Debug|Any CPU.ActiveCfg = Debug|Any CPU
		{F57601C8-5104-4E95-B225-03C37CA98C0E}.Debug|Any CPU.Build.0 = Debug|Any CPU
		{F57601C8-5104-4E95-B225-03C37CA98C0E}.Release|Any CPU.ActiveCfg = Release|Any CPU
		{F57601C8-5104-4E95-B225-03C37CA98C0E}.Release|Any CPU.Build.0 = Release|Any CPU
		{5F95F067-EE30-4139-AC69-6CE7899E79F4}.Debug|Any CPU.ActiveCfg = Debug|Any CPU
		{5F95F067-EE30-4139-AC69-6CE7899E79F4}.Debug|Any CPU.Build.0 = Debug|Any CPU
		{5F95F067-EE30-4139-AC69-6CE7899E79F4}.Release|Any CPU.ActiveCfg = Release|Any CPU
		{5F95F067-EE30-4139-AC69-6CE7899E79F4}.Release|Any CPU.Build.0 = Release|Any CPU
	EndGlobalSection
EndGlobal
